
Microsoft Visual Studio Solution File, Format Version 12.00
# Visual Studio Version 16
VisualStudioVersion = 16.6.30114.105
MinimumVisualStudioVersion = 10.0.40219.1
Project("{2150E333-8FDC-42A3-9474-1A3956D46DE8}") = "src", "src", "{A5ACE34E-7DCB-4F14-8669-8D399A8E94B3}"
EndProject
Project("{FAE04EC0-301F-11D3-BF4B-00C04F79EFBC}") = "ArticleApi", "src\ArticleApi\ArticleApi.csproj", "{6FAC12BF-EEBA-410A-8D36-A4442771AC20}"
EndProject
Project("{FAE04EC0-301F-11D3-BF4B-00C04F79EFBC}") = "ArticleConsumer", "src\ArticleConsumer\ArticleConsumer.csproj", "{FEF75DCA-2E5F-44FC-B2D0-568E2E124CFF}"
EndProject
Project("{FAE04EC0-301F-11D3-BF4B-00C04F79EFBC}") = "Domain", "src\Domain\Domain.csproj", "{5A0DC0EE-BC91-4DBF-A645-34013CE98756}"
EndProject
Project("{FAE04EC0-301F-11D3-BF4B-00C04F79EFBC}") = "Infrastructure", "src\Infrastructure\Infrastructure.csproj", "{C8CA2597-505C-44BF-AD3D-A6324987E85B}"
EndProject
Project("{FAE04EC0-301F-11D3-BF4B-00C04F79EFBC}") = "Common", "src\Common\Common.csproj", "{B3A10F6C-C11E-45D4-8D18-A145E4614326}"
EndProject
Global
	GlobalSection(SolutionConfigurationPlatforms) = preSolution
		Debug|Any CPU = Debug|Any CPU
		Debug|x64 = Debug|x64
		Debug|x86 = Debug|x86
		Release|Any CPU = Release|Any CPU
		Release|x64 = Release|x64
		Release|x86 = Release|x86
	EndGlobalSection
	GlobalSection(SolutionProperties) = preSolution
		HideSolutionNode = FALSE
	EndGlobalSection
	GlobalSection(ProjectConfigurationPlatforms) = postSolution
		{6FAC12BF-EEBA-410A-8D36-A4442771AC20}.Debug|Any CPU.ActiveCfg = Debug|Any CPU
		{6FAC12BF-EEBA-410A-8D36-A4442771AC20}.Debug|Any CPU.Build.0 = Debug|Any CPU
		{6FAC12BF-EEBA-410A-8D36-A4442771AC20}.Debug|x64.ActiveCfg = Debug|Any CPU
		{6FAC12BF-EEBA-410A-8D36-A4442771AC20}.Debug|x64.Build.0 = Debug|Any CPU
		{6FAC12BF-EEBA-410A-8D36-A4442771AC20}.Debug|x86.ActiveCfg = Debug|Any CPU
		{6FAC12BF-EEBA-410A-8D36-A4442771AC20}.Debug|x86.Build.0 = Debug|Any CPU
		{6FAC12BF-EEBA-410A-8D36-A4442771AC20}.Release|Any CPU.ActiveCfg = Release|Any CPU
		{6FAC12BF-EEBA-410A-8D36-A4442771AC20}.Release|Any CPU.Build.0 = Release|Any CPU
		{6FAC12BF-EEBA-410A-8D36-A4442771AC20}.Release|x64.ActiveCfg = Release|Any CPU
		{6FAC12BF-EEBA-410A-8D36-A4442771AC20}.Release|x64.Build.0 = Release|Any CPU
		{6FAC12BF-EEBA-410A-8D36-A4442771AC20}.Release|x86.ActiveCfg = Release|Any CPU
		{6FAC12BF-EEBA-410A-8D36-A4442771AC20}.Release|x86.Build.0 = Release|Any CPU
		{FEF75DCA-2E5F-44FC-B2D0-568E2E124CFF}.Debug|Any CPU.ActiveCfg = Debug|Any CPU
		{FEF75DCA-2E5F-44FC-B2D0-568E2E124CFF}.Debug|Any CPU.Build.0 = Debug|Any CPU
		{FEF75DCA-2E5F-44FC-B2D0-568E2E124CFF}.Debug|x64.ActiveCfg = Debug|Any CPU
		{FEF75DCA-2E5F-44FC-B2D0-568E2E124CFF}.Debug|x64.Build.0 = Debug|Any CPU
		{FEF75DCA-2E5F-44FC-B2D0-568E2E124CFF}.Debug|x86.ActiveCfg = Debug|Any CPU
		{FEF75DCA-2E5F-44FC-B2D0-568E2E124CFF}.Debug|x86.Build.0 = Debug|Any CPU
		{FEF75DCA-2E5F-44FC-B2D0-568E2E124CFF}.Release|Any CPU.ActiveCfg = Release|Any CPU
		{FEF75DCA-2E5F-44FC-B2D0-568E2E124CFF}.Release|Any CPU.Build.0 = Release|Any CPU
		{FEF75DCA-2E5F-44FC-B2D0-568E2E124CFF}.Release|x64.ActiveCfg = Release|Any CPU
		{FEF75DCA-2E5F-44FC-B2D0-568E2E124CFF}.Release|x64.Build.0 = Release|Any CPU
		{FEF75DCA-2E5F-44FC-B2D0-568E2E124CFF}.Release|x86.ActiveCfg = Release|Any CPU
		{FEF75DCA-2E5F-44FC-B2D0-568E2E124CFF}.Release|x86.Build.0 = Release|Any CPU
		{5A0DC0EE-BC91-4DBF-A645-34013CE98756}.Debug|Any CPU.ActiveCfg = Debug|Any CPU
		{5A0DC0EE-BC91-4DBF-A645-34013CE98756}.Debug|Any CPU.Build.0 = Debug|Any CPU
		{5A0DC0EE-BC91-4DBF-A645-34013CE98756}.Debug|x64.ActiveCfg = Debug|Any CPU
		{5A0DC0EE-BC91-4DBF-A645-34013CE98756}.Debug|x64.Build.0 = Debug|Any CPU
		{5A0DC0EE-BC91-4DBF-A645-34013CE98756}.Debug|x86.ActiveCfg = Debug|Any CPU
		{5A0DC0EE-BC91-4DBF-A645-34013CE98756}.Debug|x86.Build.0 = Debug|Any CPU
		{5A0DC0EE-BC91-4DBF-A645-34013CE98756}.Release|Any CPU.ActiveCfg = Release|Any CPU
		{5A0DC0EE-BC91-4DBF-A645-34013CE98756}.Release|Any CPU.Build.0 = Release|Any CPU
		{5A0DC0EE-BC91-4DBF-A645-34013CE98756}.Release|x64.ActiveCfg = Release|Any CPU
		{5A0DC0EE-BC91-4DBF-A645-34013CE98756}.Release|x64.Build.0 = Release|Any CPU
		{5A0DC0EE-BC91-4DBF-A645-34013CE98756}.Release|x86.ActiveCfg = Release|Any CPU
		{5A0DC0EE-BC91-4DBF-A645-34013CE98756}.Release|x86.Build.0 = Release|Any CPU
		{C8CA2597-505C-44BF-AD3D-A6324987E85B}.Debug|Any CPU.ActiveCfg = Debug|Any CPU
		{C8CA2597-505C-44BF-AD3D-A6324987E85B}.Debug|Any CPU.Build.0 = Debug|Any CPU
		{C8CA2597-505C-44BF-AD3D-A6324987E85B}.Debug|x64.ActiveCfg = Debug|Any CPU
		{C8CA2597-505C-44BF-AD3D-A6324987E85B}.Debug|x64.Build.0 = Debug|Any CPU
		{C8CA2597-505C-44BF-AD3D-A6324987E85B}.Debug|x86.ActiveCfg = Debug|Any CPU
		{C8CA2597-505C-44BF-AD3D-A6324987E85B}.Debug|x86.Build.0 = Debug|Any CPU
		{C8CA2597-505C-44BF-AD3D-A6324987E85B}.Release|Any CPU.ActiveCfg = Release|Any CPU
		{C8CA2597-505C-44BF-AD3D-A6324987E85B}.Release|Any CPU.Build.0 = Release|Any CPU
		{C8CA2597-505C-44BF-AD3D-A6324987E85B}.Release|x64.ActiveCfg = Release|Any CPU
		{C8CA2597-505C-44BF-AD3D-A6324987E85B}.Release|x64.Build.0 = Release|Any CPU
		{C8CA2597-505C-44BF-AD3D-A6324987E85B}.Release|x86.ActiveCfg = Release|Any CPU
		{C8CA2597-505C-44BF-AD3D-A6324987E85B}.Release|x86.Build.0 = Release|Any CPU
		{B3A10F6C-C11E-45D4-8D18-A145E4614326}.Debug|Any CPU.ActiveCfg = Debug|Any CPU
		{B3A10F6C-C11E-45D4-8D18-A145E4614326}.Debug|Any CPU.Build.0 = Debug|Any CPU
		{B3A10F6C-C11E-45D4-8D18-A145E4614326}.Debug|x64.ActiveCfg = Debug|Any CPU
		{B3A10F6C-C11E-45D4-8D18-A145E4614326}.Debug|x64.Build.0 = Debug|Any CPU
		{B3A10F6C-C11E-45D4-8D18-A145E4614326}.Debug|x86.ActiveCfg = Debug|Any CPU
		{B3A10F6C-C11E-45D4-8D18-A145E4614326}.Debug|x86.Build.0 = Debug|Any CPU
		{B3A10F6C-C11E-45D4-8D18-A145E4614326}.Release|Any CPU.ActiveCfg = Release|Any CPU
		{B3A10F6C-C11E-45D4-8D18-A145E4614326}.Release|Any CPU.Build.0 = Release|Any CPU
		{B3A10F6C-C11E-45D4-8D18-A145E4614326}.Release|x64.ActiveCfg = Release|Any CPU
		{B3A10F6C-C11E-45D4-8D18-A145E4614326}.Release|x64.Build.0 = Release|Any CPU
		{B3A10F6C-C11E-45D4-8D18-A145E4614326}.Release|x86.ActiveCfg = Release|Any CPU
		{B3A10F6C-C11E-45D4-8D18-A145E4614326}.Release|x86.Build.0 = Release|Any CPU
	EndGlobalSection
	GlobalSection(NestedProjects) = preSolution
		{6FAC12BF-EEBA-410A-8D36-A4442771AC20} = {A5ACE34E-7DCB-4F14-8669-8D399A8E94B3}
		{FEF75DCA-2E5F-44FC-B2D0-568E2E124CFF} = {A5ACE34E-7DCB-4F14-8669-8D399A8E94B3}
		{5A0DC0EE-BC91-4DBF-A645-34013CE98756} = {A5ACE34E-7DCB-4F14-8669-8D399A8E94B3}
		{C8CA2597-505C-44BF-AD3D-A6324987E85B} = {A5ACE34E-7DCB-4F14-8669-8D399A8E94B3}
		{B3A10F6C-C11E-45D4-8D18-A145E4614326} = {A5ACE34E-7DCB-4F14-8669-8D399A8E94B3}
	EndGlobalSection
EndGlobal
